
Microsoft Visual Studio Solution File, Format Version 12.00
# Visual Studio Version 17
VisualStudioVersion = 17.0.31903.59
MinimumVisualStudioVersion = 10.0.40219.1
Project("{FAE04EC0-301F-11D3-BF4B-00C04F79EFBC}") = "WebDriver3", "WebDriver3\WebDriver3.csproj", "{73976BD0-BA44-408C-91FD-591441EDCF6F}"
EndProject
Project("{FAE04EC0-301F-11D3-BF4B-00C04F79EFBC}") = "WebDriver3.Tests", "WebDriver3.Tests\WebDriver3.Tests.csproj", "{BEDBB9AD-91C1-4A03-BD86-B6CE587761DB}"
EndProject
Global
	GlobalSection(SolutionConfigurationPlatforms) = preSolution
		Debug|Any CPU = Debug|Any CPU
		Release|Any CPU = Release|Any CPU
	EndGlobalSection
	GlobalSection(SolutionProperties) = preSolution
		HideSolutionNode = FALSE
	EndGlobalSection
	GlobalSection(ProjectConfigurationPlatforms) = postSolution
		{73976BD0-BA44-408C-91FD-591441EDCF6F}.Debug|Any CPU.ActiveCfg = Debug|Any CPU
		{73976BD0-BA44-408C-91FD-591441EDCF6F}.Debug|Any CPU.Build.0 = Debug|Any CPU
		{73976BD0-BA44-408C-91FD-591441EDCF6F}.Release|Any CPU.ActiveCfg = Release|Any CPU
		{73976BD0-BA44-408C-91FD-591441EDCF6F}.Release|Any CPU.Build.0 = Release|Any CPU
		{BEDBB9AD-91C1-4A03-BD86-B6CE587761DB}.Debug|Any CPU.ActiveCfg = Debug|Any CPU
		{BEDBB9AD-91C1-4A03-BD86-B6CE587761DB}.Debug|Any CPU.Build.0 = Debug|Any CPU
		{BEDBB9AD-91C1-4A03-BD86-B6CE587761DB}.Release|Any CPU.ActiveCfg = Release|Any CPU
		{BEDBB9AD-91C1-4A03-BD86-B6CE587761DB}.Release|Any CPU.Build.0 = Release|Any CPU
	EndGlobalSection
EndGlobal
